
Microsoft Visual Studio Solution File, Format Version 12.00
# Visual Studio Version 16
VisualStudioVersion = 16.0.30413.136
MinimumVisualStudioVersion = 10.0.40219.1
Project("{FAE04EC0-301F-11D3-BF4B-00C04F79EFBC}") = "ProducerConsumer", "ProducerConsumer\ProducerConsumer.csproj", "{B60D524B-3AE8-4BEE-BE94-ED0DE1EEDCA9}"
EndProject
Global
	GlobalSection(SolutionConfigurationPlatforms) = preSolution
		Debug|Any CPU = Debug|Any CPU
		Release|Any CPU = Release|Any CPU
	EndGlobalSection
	GlobalSection(ProjectConfigurationPlatforms) = postSolution
		{B60D524B-3AE8-4BEE-BE94-ED0DE1EEDCA9}.Debug|Any CPU.ActiveCfg = Debug|Any CPU
		{B60D524B-3AE8-4BEE-BE94-ED0DE1EEDCA9}.Debug|Any CPU.Build.0 = Debug|Any CPU
		{B60D524B-3AE8-4BEE-BE94-ED0DE1EEDCA9}.Release|Any CPU.ActiveCfg = Release|Any CPU
		{B60D524B-3AE8-4BEE-BE94-ED0DE1EEDCA9}.Release|Any CPU.Build.0 = Release|Any CPU
	EndGlobalSection
	GlobalSection(SolutionProperties) = preSolution
		HideSolutionNode = FALSE
	EndGlobalSection
	GlobalSection(ExtensibilityGlobals) = postSolution
		SolutionGuid = {5F5BF555-9C97-406A-85CE-F5DCDEC2E2F1}
	EndGlobalSection
EndGlobal
